
Microsoft Visual Studio Solution File, Format Version 12.00
Project("{FAE04EC0-301F-11D3-BF4B-00C04F79EFBC}") = "Online Shop", "Online Shop\Online Shop.csproj", "{4961022F-79DC-4982-BF20-E4E7F294E13D}"
EndProject
Project("{FAE04EC0-301F-11D3-BF4B-00C04F79EFBC}") = "OnlineShopDAL", "OnlineShopDAL\OnlineShopDAL.csproj", "{42DEC780-6784-42D1-8920-8AC2B990F089}"
EndProject
Project("{FAE04EC0-301F-11D3-BF4B-00C04F79EFBC}") = "OnlineShopLogic", "OnlineShopLogic\OnlineShopLogic.csproj", "{E3492AAC-EC9C-4813-B161-1579E0AEDECF}"
EndProject
Project("{FAE04EC0-301F-11D3-BF4B-00C04F79EFBC}") = "OnlineShopLogicTests", "OnlineShopLogicTests\OnlineShopLogicTests.csproj", "{230A075C-2262-4661-A4D9-EB01CD7BB3CE}"
EndProject
Project("{FAE04EC0-301F-11D3-BF4B-00C04F79EFBC}") = "OnlineShopModels", "OnlineShopModels\OnlineShopModels.csproj", "{E050A1AA-4013-4AE5-8015-827F1901F929}"
EndProject
Global
	GlobalSection(SolutionConfigurationPlatforms) = preSolution
		Debug|Any CPU = Debug|Any CPU
		Release|Any CPU = Release|Any CPU
	EndGlobalSection
	GlobalSection(ProjectConfigurationPlatforms) = postSolution
		{4961022F-79DC-4982-BF20-E4E7F294E13D}.Debug|Any CPU.ActiveCfg = Debug|Any CPU
		{4961022F-79DC-4982-BF20-E4E7F294E13D}.Debug|Any CPU.Build.0 = Debug|Any CPU
		{4961022F-79DC-4982-BF20-E4E7F294E13D}.Release|Any CPU.ActiveCfg = Release|Any CPU
		{4961022F-79DC-4982-BF20-E4E7F294E13D}.Release|Any CPU.Build.0 = Release|Any CPU
		{42DEC780-6784-42D1-8920-8AC2B990F089}.Debug|Any CPU.ActiveCfg = Debug|Any CPU
		{42DEC780-6784-42D1-8920-8AC2B990F089}.Debug|Any CPU.Build.0 = Debug|Any CPU
		{42DEC780-6784-42D1-8920-8AC2B990F089}.Release|Any CPU.ActiveCfg = Release|Any CPU
		{42DEC780-6784-42D1-8920-8AC2B990F089}.Release|Any CPU.Build.0 = Release|Any CPU
		{E3492AAC-EC9C-4813-B161-1579E0AEDECF}.Debug|Any CPU.ActiveCfg = Debug|Any CPU
		{E3492AAC-EC9C-4813-B161-1579E0AEDECF}.Debug|Any CPU.Build.0 = Debug|Any CPU
		{E3492AAC-EC9C-4813-B161-1579E0AEDECF}.Release|Any CPU.ActiveCfg = Release|Any CPU
		{E3492AAC-EC9C-4813-B161-1579E0AEDECF}.Release|Any CPU.Build.0 = Release|Any CPU
		{230A075C-2262-4661-A4D9-EB01CD7BB3CE}.Debug|Any CPU.ActiveCfg = Debug|Any CPU
		{230A075C-2262-4661-A4D9-EB01CD7BB3CE}.Debug|Any CPU.Build.0 = Debug|Any CPU
		{230A075C-2262-4661-A4D9-EB01CD7BB3CE}.Release|Any CPU.ActiveCfg = Release|Any CPU
		{230A075C-2262-4661-A4D9-EB01CD7BB3CE}.Release|Any CPU.Build.0 = Release|Any CPU
		{E050A1AA-4013-4AE5-8015-827F1901F929}.Debug|Any CPU.ActiveCfg = Debug|Any CPU
		{E050A1AA-4013-4AE5-8015-827F1901F929}.Debug|Any CPU.Build.0 = Debug|Any CPU
		{E050A1AA-4013-4AE5-8015-827F1901F929}.Release|Any CPU.ActiveCfg = Release|Any CPU
		{E050A1AA-4013-4AE5-8015-827F1901F929}.Release|Any CPU.Build.0 = Release|Any CPU
	EndGlobalSection
EndGlobal
